PODS:
  - Flutter (1.0.0)
  - stripe_terminal (0.0.1):
    - Flutter
    - StripeTerminal (~> 2.6.0)
  - StripeTerminal (2.6.0)

DEPENDENCIES:
  - Flutter (from `Flutter`)
  - stripe_terminal (from `.symlinks/plugins/stripe_terminal/ios`)

SPEC REPOS:
  trunk:
    - StripeTerminal

EXTERNAL SOURCES:
  Flutter:
    :path: Flutter
  stripe_terminal:
    :path: ".symlinks/plugins/stripe_terminal/ios"

SPEC CHECKSUMS:
  Flutter: 50d75fe2f02b26cc09d224853bb45737f8b3214a
  stripe_terminal: 4074424e74f8fbf13dd8d202603b365561b4000e
  StripeTerminal: c75c9d5be371a0e292a829f56860fc98ed5a3149

PODFILE CHECKSUM: aafe91acc616949ddb318b77800a7f51bffa2a4c

COCOAPODS: 1.11.2
